
Microsoft Visual Studio Solution File, Format Version 12.00
# Visual Studio Version 17
VisualStudioVersion = 17.14.36616.10
MinimumVisualStudioVersion = 10.0.40219.1
Project("{FAE04EC0-301F-11D3-BF4B-00C04F79EFBC}") = "assignment_4", "assignment_4\assignment_4.csproj", "{D66A4A93-E7FE-4A81-966B-36FFB6B6328A}"
EndProject
Project("{FAE04EC0-301F-11D3-BF4B-00C04F79EFBC}") = "assignment_4_tests", "assignmnet_4_tests\assignment_4_tests.csproj", "{21746135-16C8-405A-A3C5-CBD1932D5FAE}"
EndProject
Global
	GlobalSection(SolutionConfigurationPlatforms) = preSolution
		Debug|Any CPU = Debug|Any CPU
		Release|Any CPU = Release|Any CPU
	EndGlobalSection
	GlobalSection(ProjectConfigurationPlatforms) = postSolution
		{D66A4A93-E7FE-4A81-966B-36FFB6B6328A}.Debug|Any CPU.ActiveCfg = Debug|Any CPU
		{D66A4A93-E7FE-4A81-966B-36FFB6B6328A}.Debug|Any CPU.Build.0 = Debug|Any CPU
		{D66A4A93-E7FE-4A81-966B-36FFB6B6328A}.Release|Any CPU.ActiveCfg = Release|Any CPU
		{D66A4A93-E7FE-4A81-966B-36FFB6B6328A}.Release|Any CPU.Build.0 = Release|Any CPU
		{21746135-16C8-405A-A3C5-CBD1932D5FAE}.Debug|Any CPU.ActiveCfg = Debug|Any CPU
		{21746135-16C8-405A-A3C5-CBD1932D5FAE}.Debug|Any CPU.Build.0 = Debug|Any CPU
		{21746135-16C8-405A-A3C5-CBD1932D5FAE}.Release|Any CPU.ActiveCfg = Release|Any CPU
		{21746135-16C8-405A-A3C5-CBD1932D5FAE}.Release|Any CPU.Build.0 = Release|Any CPU
	EndGlobalSection
	GlobalSection(SolutionProperties) = preSolution
		HideSolutionNode = FALSE
	EndGlobalSection
	GlobalSection(ExtensibilityGlobals) = postSolution
		SolutionGuid = {34EE7626-C078-428D-AA08-44F3618FCC4C}
	EndGlobalSection
EndGlobal
